
Microsoft Visual Studio Solution File, Format Version 12.00
# Visual Studio Version 16
VisualStudioVersion = 25.0.1704.2
MinimumVisualStudioVersion = 10.0.40219.1
Project("{FAE04EC0-301F-11D3-BF4B-00C04F79EFBC}") = "SafMaui", "SafMaui.csproj", "{11082BF3-B1F6-4C84-8AEA-3D2F084866E6}"
EndProject
Global
	GlobalSection(SolutionConfigurationPlatforms) = preSolution
		Debug|Any CPU = Debug|Any CPU
		Release|Any CPU = Release|Any CPU
	EndGlobalSection
	GlobalSection(ProjectConfigurationPlatforms) = postSolution
		{11082BF3-B1F6-4C84-8AEA-3D2F084866E6}.Debug|Any CPU.ActiveCfg = Debug|Any CPU
		{11082BF3-B1F6-4C84-8AEA-3D2F084866E6}.Debug|Any CPU.Build.0 = Debug|Any CPU
		{11082BF3-B1F6-4C84-8AEA-3D2F084866E6}.Release|Any CPU.ActiveCfg = Release|Any CPU
		{11082BF3-B1F6-4C84-8AEA-3D2F084866E6}.Release|Any CPU.Build.0 = Release|Any CPU
	EndGlobalSection
	GlobalSection(SolutionProperties) = preSolution
		HideSolutionNode = FALSE
	EndGlobalSection
	GlobalSection(ExtensibilityGlobals) = postSolution
		SolutionGuid = {E1C5B98E-EE29-42B9-A7CC-60C7E56CF492}
	EndGlobalSection
EndGlobal
